
Microsoft Visual Studio Solution File, Format Version 12.00
# Visual Studio Version 17
VisualStudioVersion = 17.0.32014.148
MinimumVisualStudioVersion = 10.0.40219.1
Project("{FAE04EC0-301F-11D3-BF4B-00C04F79EFBC}") = "ApplicationInsightsDemoApp", "ApplicationInsightsDemoApp\ApplicationInsightsDemoApp.csproj", "{FE7CDE86-DEF8-4F74-828B-A3107B84E32B}"
EndProject
Global
	GlobalSection(SolutionConfigurationPlatforms) = preSolution
		Debug|Any CPU = Debug|Any CPU
		Release|Any CPU = Release|Any CPU
	EndGlobalSection
	GlobalSection(ProjectConfigurationPlatforms) = postSolution
		{FE7CDE86-DEF8-4F74-828B-A3107B84E32B}.Debug|Any CPU.ActiveCfg = Debug|Any CPU
		{FE7CDE86-DEF8-4F74-828B-A3107B84E32B}.Debug|Any CPU.Build.0 = Debug|Any CPU
		{FE7CDE86-DEF8-4F74-828B-A3107B84E32B}.Release|Any CPU.ActiveCfg = Release|Any CPU
		{FE7CDE86-DEF8-4F74-828B-A3107B84E32B}.Release|Any CPU.Build.0 = Release|Any CPU
	EndGlobalSection
	GlobalSection(SolutionProperties) = preSolution
		HideSolutionNode = FALSE
	EndGlobalSection
	GlobalSection(ExtensibilityGlobals) = postSolution
		SolutionGuid = {6C8327B1-0779-4002-BA67-92F90E01DD23}
	EndGlobalSection
EndGlobal
